# THIS IS AN AUTOGENERATED FILE. DO NOT EDIT THIS FILE DIRECTLY.
# yarn lockfile v1


crypto-js@^4.1.1:
  version "4.1.1"
  resolved "https://registry.yarnpkg.com/crypto-js/-/crypto-js-4.1.1.tgz#9e485bcf03521041bd85844786b83fb7619736cf"
  integrity sha512-o2JlM7ydqd3Qk9CA0L4NL6mTzU2sdx96a+oOfPu8Mkl/PK51vSyoi8/rQ8NknZtk44vq15lmhAj9CIAGwgeWKw==

crypto-js@~3.1.2-1:
  version "3.1.8"
  resolved "https://registry.yarnpkg.com/crypto-js/-/crypto-js-3.1.8.tgz#715f070bf6014f2ae992a98b3929258b713f08d5"
  integrity sha512-4E+PJNbUbBrzQLB9Vw86eaF5xZ8MB6dw4aaZ67YhLNduTmqJ5AziuLrYikPWHJkC59DYZp+cyj+qg3vBE8OnOQ==

fernet@^0.4.0:
  version "0.4.0"
  resolved "https://registry.yarnpkg.com/fernet/-/fernet-0.4.0.tgz#95d10a3660bf1ccfb4964687508ec2e2ba5eda25"
  integrity sha512-FJgmKoMeG4eoM+bEbMyTzPx9US4W+sw4D0i6jSWSKHFYlFZv92UIWi6a/w6MEf2JNSO+Mth/T+u+d/ye1zwN9A==
  dependencies:
    crypto-js "~3.1.2-1"
    urlsafe-base64 "1.0.0"

urlsafe-base64@1.0.0:
  version "1.0.0"
  resolved "https://registry.yarnpkg.com/urlsafe-base64/-/urlsafe-base64-1.0.0.tgz#23f89069a6c62f46cf3a1d3b00169cefb90be0c6"
  integrity sha512-RtuPeMy7c1UrHwproMZN9gN6kiZ0SvJwRaEzwZY0j9MypEkFqyBaKv176jvlPtg58Zh36bOkS0NFABXMHvvGCA==
